
Microsoft Visual Studio Solution File, Format Version 12.00
# Visual Studio Version 17
VisualStudioVersion = 17.0.31903.59
MinimumVisualStudioVersion = 10.0.40219.1
Project("{2150E333-8FDC-42A3-9474-1A3956D46DE8}") = "Solution Items", "Solution Items", "{089100B1-113F-4E66-888A-E83F3999EAFD}"
	ProjectSection(SolutionItems) = preProject
		Directory.Build.props = Directory.Build.props
		docker-compose.yml = docker-compose.yml
		README.md = README.md
	EndProjectSection
EndProject
Project("{2150E333-8FDC-42A3-9474-1A3956D46DE8}") = "src", "src", "{827E0CD3-B72D-47B6-A68D-7590B98EB39B}"
EndProject
Project("{2150E333-8FDC-42A3-9474-1A3956D46DE8}") = "tests", "tests", "{0AB3BF05-4346-4AA6-1389-037BE0695223}"
EndProject
Project("{2150E333-8FDC-42A3-9474-1A3956D46DE8}") = "Services", "Services", "{984BB9B3-3FA3-BE33-9484-CAC21695A33C}"
EndProject
Project("{2150E333-8FDC-42A3-9474-1A3956D46DE8}") = "Messages", "Messages", "{32B88821-D711-1679-6C39-3A9CBA81428C}"
EndProject
Project("{FAE04EC0-301F-11D3-BF4B-00C04F79EFBC}") = "Chatly.Messages.Api", "src\Services\Messages\Chatly.Messages.Api\Chatly.Messages.Api.csproj", "{86670A5B-E29C-47C1-8A21-85243418F827}"
EndProject
Project("{FAE04EC0-301F-11D3-BF4B-00C04F79EFBC}") = "Chatly.Frontend", "src\Chatly.Frontend\Chatly.Frontend.csproj", "{02631DE1-88F8-45CA-A076-18FF2BC7F346}"
EndProject
Project("{FAE04EC0-301F-11D3-BF4B-00C04F79EFBC}") = "Chatly.Shared", "src\Chatly.Shared\Chatly.Shared.csproj", "{6F994ACA-1C28-41AC-B93F-56D10735B35A}"
EndProject
Global
	GlobalSection(SolutionConfigurationPlatforms) = preSolution
		Debug|Any CPU = Debug|Any CPU
		Debug|x64 = Debug|x64
		Debug|x86 = Debug|x86
		Release|Any CPU = Release|Any CPU
		Release|x64 = Release|x64
		Release|x86 = Release|x86
	EndGlobalSection
	GlobalSection(ProjectConfigurationPlatforms) = postSolution
		{86670A5B-E29C-47C1-8A21-85243418F827}.Debug|Any CPU.ActiveCfg = Debug|Any CPU
		{86670A5B-E29C-47C1-8A21-85243418F827}.Debug|Any CPU.Build.0 = Debug|Any CPU
		{86670A5B-E29C-47C1-8A21-85243418F827}.Debug|x64.ActiveCfg = Debug|Any CPU
		{86670A5B-E29C-47C1-8A21-85243418F827}.Debug|x64.Build.0 = Debug|Any CPU
		{86670A5B-E29C-47C1-8A21-85243418F827}.Debug|x86.ActiveCfg = Debug|Any CPU
		{86670A5B-E29C-47C1-8A21-85243418F827}.Debug|x86.Build.0 = Debug|Any CPU
		{86670A5B-E29C-47C1-8A21-85243418F827}.Release|Any CPU.ActiveCfg = Release|Any CPU
		{86670A5B-E29C-47C1-8A21-85243418F827}.Release|Any CPU.Build.0 = Release|Any CPU
		{86670A5B-E29C-47C1-8A21-85243418F827}.Release|x64.ActiveCfg = Release|Any CPU
		{86670A5B-E29C-47C1-8A21-85243418F827}.Release|x64.Build.0 = Release|Any CPU
		{86670A5B-E29C-47C1-8A21-85243418F827}.Release|x86.ActiveCfg = Release|Any CPU
		{86670A5B-E29C-47C1-8A21-85243418F827}.Release|x86.Build.0 = Release|Any CPU
		{02631DE1-88F8-45CA-A076-18FF2BC7F346}.Debug|Any CPU.ActiveCfg = Debug|Any CPU
		{02631DE1-88F8-45CA-A076-18FF2BC7F346}.Debug|Any CPU.Build.0 = Debug|Any CPU
		{02631DE1-88F8-45CA-A076-18FF2BC7F346}.Debug|x64.ActiveCfg = Debug|Any CPU
		{02631DE1-88F8-45CA-A076-18FF2BC7F346}.Debug|x64.Build.0 = Debug|Any CPU
		{02631DE1-88F8-45CA-A076-18FF2BC7F346}.Debug|x86.ActiveCfg = Debug|Any CPU
		{02631DE1-88F8-45CA-A076-18FF2BC7F346}.Debug|x86.Build.0 = Debug|Any CPU
		{02631DE1-88F8-45CA-A076-18FF2BC7F346}.Release|Any CPU.ActiveCfg = Release|Any CPU
		{02631DE1-88F8-45CA-A076-18FF2BC7F346}.Release|Any CPU.Build.0 = Release|Any CPU
		{02631DE1-88F8-45CA-A076-18FF2BC7F346}.Release|x64.ActiveCfg = Release|Any CPU
		{02631DE1-88F8-45CA-A076-18FF2BC7F346}.Release|x64.Build.0 = Release|Any CPU
		{02631DE1-88F8-45CA-A076-18FF2BC7F346}.Release|x86.ActiveCfg = Release|Any CPU
		{02631DE1-88F8-45CA-A076-18FF2BC7F346}.Release|x86.Build.0 = Release|Any CPU
		{6F994ACA-1C28-41AC-B93F-56D10735B35A}.Debug|Any CPU.ActiveCfg = Debug|Any CPU
		{6F994ACA-1C28-41AC-B93F-56D10735B35A}.Debug|Any CPU.Build.0 = Debug|Any CPU
		{6F994ACA-1C28-41AC-B93F-56D10735B35A}.Debug|x64.ActiveCfg = Debug|Any CPU
		{6F994ACA-1C28-41AC-B93F-56D10735B35A}.Debug|x64.Build.0 = Debug|Any CPU
		{6F994ACA-1C28-41AC-B93F-56D10735B35A}.Debug|x86.ActiveCfg = Debug|Any CPU
		{6F994ACA-1C28-41AC-B93F-56D10735B35A}.Debug|x86.Build.0 = Debug|Any CPU
		{6F994ACA-1C28-41AC-B93F-56D10735B35A}.Release|Any CPU.ActiveCfg = Release|Any CPU
		{6F994ACA-1C28-41AC-B93F-56D10735B35A}.Release|Any CPU.Build.0 = Release|Any CPU
		{6F994ACA-1C28-41AC-B93F-56D10735B35A}.Release|x64.ActiveCfg = Release|Any CPU
		{6F994ACA-1C28-41AC-B93F-56D10735B35A}.Release|x64.Build.0 = Release|Any CPU
		{6F994ACA-1C28-41AC-B93F-56D10735B35A}.Release|x86.ActiveCfg = Release|Any CPU
		{6F994ACA-1C28-41AC-B93F-56D10735B35A}.Release|x86.Build.0 = Release|Any CPU
	EndGlobalSection
	GlobalSection(SolutionProperties) = preSolution
		HideSolutionNode = FALSE
	EndGlobalSection
	GlobalSection(NestedProjects) = preSolution
		{984BB9B3-3FA3-BE33-9484-CAC21695A33C} = {827E0CD3-B72D-47B6-A68D-7590B98EB39B}
		{32B88821-D711-1679-6C39-3A9CBA81428C} = {984BB9B3-3FA3-BE33-9484-CAC21695A33C}
		{86670A5B-E29C-47C1-8A21-85243418F827} = {32B88821-D711-1679-6C39-3A9CBA81428C}
		{02631DE1-88F8-45CA-A076-18FF2BC7F346} = {827E0CD3-B72D-47B6-A68D-7590B98EB39B}
		{6F994ACA-1C28-41AC-B93F-56D10735B35A} = {827E0CD3-B72D-47B6-A68D-7590B98EB39B}
	EndGlobalSection
EndGlobal
